Microsoft Visual Studio Solution File, Format Version 12.00
# Visual Studio Version 17
VisualStudioVersion = 17.5.2.0
MinimumVisualStudioVersion = 10.0.40219.1
Project("{FAE04EC0-301F-11D3-BF4B-00C04F79EFBC}") = "BibliotecaOrganizada", "BibliotecaOrganizada.csproj", "{DF8D478B-74D2-799B-4E2C-30E64ACDA831}"
EndProject
Global
	GlobalSection(SolutionConfigurationPlatforms) = preSolution
		Debug|Any CPU = Debug|Any CPU
		Release|Any CPU = Release|Any CPU
	EndGlobalSection
	GlobalSection(ProjectConfigurationPlatforms) = postSolution
		{DF8D478B-74D2-799B-4E2C-30E64ACDA831}.Debug|Any CPU.ActiveCfg = Debug|Any CPU
		{DF8D478B-74D2-799B-4E2C-30E64ACDA831}.Debug|Any CPU.Build.0 = Debug|Any CPU
		{DF8D478B-74D2-799B-4E2C-30E64ACDA831}.Release|Any CPU.ActiveCfg = Release|Any CPU
		{DF8D478B-74D2-799B-4E2C-30E64ACDA831}.Release|Any CPU.Build.0 = Release|Any CPU
	EndGlobalSection
	GlobalSection(SolutionProperties) = preSolution
		HideSolutionNode = FALSE
	EndGlobalSection
	GlobalSection(ExtensibilityGlobals) = postSolution
		SolutionGuid = {BB23C88F-C321-4A3B-8918-7BAC9878FCD9}
	EndGlobalSection
EndGlobal
